
Microsoft Visual Studio Solution File, Format Version 12.00
# Visual Studio 15
VisualStudioVersion = 15.0.27703.2000
MinimumVisualStudioVersion = 10.0.40219.1
Project("{FAE04EC0-301F-11D3-BF4B-00C04F79EFBC}") = "Ayuda.Domain.Model", "Ayuda.Domain.Model\Ayuda.Domain.Model.csproj", "{F61D56A2-261F-46ED-AF50-BEA3998C131F}"
EndProject
Project("{9A19103F-16F7-4668-BE54-9A1E7A4F7556}") = "Ayuda.Domain", "Ayuda.Domain\Ayuda.Domain.csproj", "{83983866-C3A7-4758-8374-ECBAFFCE1B1E}"
EndProject
Project("{FAE04EC0-301F-11D3-BF4B-00C04F79EFBC}") = "Ayuda.Web", "Ayuda.Web\Ayuda.Web.csproj", "{38462401-08A6-4FF4-A210-BBC88BDCB9B2}"
EndProject
Project("{FAE04EC0-301F-11D3-BF4B-00C04F79EFBC}") = "Ayuda.Web.Test", "Ayuda.Domain.Test\Ayuda.Web.Test.csproj", "{A7D7D195-11C1-439C-8CE8-6F5451997326}"
EndProject
Global
	GlobalSection(SolutionConfigurationPlatforms) = preSolution
		Debug|Any CPU = Debug|Any CPU
		Release|Any CPU = Release|Any CPU
	EndGlobalSection
	GlobalSection(ProjectConfigurationPlatforms) = postSolution
		{F61D56A2-261F-46ED-AF50-BEA3998C131F}.Debug|Any CPU.ActiveCfg = Debug|Any CPU
		{F61D56A2-261F-46ED-AF50-BEA3998C131F}.Debug|Any CPU.Build.0 = Debug|Any CPU
		{F61D56A2-261F-46ED-AF50-BEA3998C131F}.Release|Any CPU.ActiveCfg = Release|Any CPU
		{F61D56A2-261F-46ED-AF50-BEA3998C131F}.Release|Any CPU.Build.0 = Release|Any CPU
		{83983866-C3A7-4758-8374-ECBAFFCE1B1E}.Debug|Any CPU.ActiveCfg = Debug|Any CPU
		{83983866-C3A7-4758-8374-ECBAFFCE1B1E}.Debug|Any CPU.Build.0 = Debug|Any CPU
		{83983866-C3A7-4758-8374-ECBAFFCE1B1E}.Release|Any CPU.ActiveCfg = Release|Any CPU
		{83983866-C3A7-4758-8374-ECBAFFCE1B1E}.Release|Any CPU.Build.0 = Release|Any CPU
		{38462401-08A6-4FF4-A210-BBC88BDCB9B2}.Debug|Any CPU.ActiveCfg = Debug|Any CPU
		{38462401-08A6-4FF4-A210-BBC88BDCB9B2}.Debug|Any CPU.Build.0 = Debug|Any CPU
		{38462401-08A6-4FF4-A210-BBC88BDCB9B2}.Release|Any CPU.ActiveCfg = Release|Any CPU
		{38462401-08A6-4FF4-A210-BBC88BDCB9B2}.Release|Any CPU.Build.0 = Release|Any CPU
		{A7D7D195-11C1-439C-8CE8-6F5451997326}.Debug|Any CPU.ActiveCfg = Debug|Any CPU
		{A7D7D195-11C1-439C-8CE8-6F5451997326}.Debug|Any CPU.Build.0 = Debug|Any CPU
		{A7D7D195-11C1-439C-8CE8-6F5451997326}.Release|Any CPU.ActiveCfg = Release|Any CPU
		{A7D7D195-11C1-439C-8CE8-6F5451997326}.Release|Any CPU.Build.0 = Release|Any CPU
	EndGlobalSection
	GlobalSection(SolutionProperties) = preSolution
		HideSolutionNode = FALSE
	EndGlobalSection
	GlobalSection(ExtensibilityGlobals) = postSolution
		SolutionGuid = {4595BDFC-E160-430A-8551-0ECB33E9982E}
	EndGlobalSection
EndGlobal
